
Microsoft Visual Studio Solution File, Format Version 12.00
# Visual Studio Version 17
VisualStudioVersion = 17.4.33205.214
MinimumVisualStudioVersion = 10.0.40219.1
Project("{FAE04EC0-301F-11D3-BF4B-00C04F79EFBC}") = "ToDo.MVC", "ToDo.MVC\ToDo.MVC.csproj", "{2C523648-CC50-4F42-BA9E-CFA738034C78}"
EndProject
Global
	GlobalSection(SolutionConfigurationPlatforms) = preSolution
		Debug|Any CPU = Debug|Any CPU
		Release|Any CPU = Release|Any CPU
	EndGlobalSection
	GlobalSection(ProjectConfigurationPlatforms) = postSolution
		{2C523648-CC50-4F42-BA9E-CFA738034C78}.Debug|Any CPU.ActiveCfg = Debug|Any CPU
		{2C523648-CC50-4F42-BA9E-CFA738034C78}.Debug|Any CPU.Build.0 = Debug|Any CPU
		{2C523648-CC50-4F42-BA9E-CFA738034C78}.Release|Any CPU.ActiveCfg = Release|Any CPU
		{2C523648-CC50-4F42-BA9E-CFA738034C78}.Release|Any CPU.Build.0 = Release|Any CPU
	EndGlobalSection
	GlobalSection(SolutionProperties) = preSolution
		HideSolutionNode = FALSE
	EndGlobalSection
	GlobalSection(ExtensibilityGlobals) = postSolution
		SolutionGuid = {71E7090D-1D99-4E95-87C0-E4FA37CFD442}
	EndGlobalSection
EndGlobal
